dependencies:
  espressif/cjson:
    component_hash: e788323270d90738662d66fffa910bfe1fba019bba087f01557e70c40485b469
    dependencies:
    - name: idf
      require: private
      version: '>=5.0'
    source:
      registry_url: https://components.espressif.com/
      type: service
    version: 1.7.19~2
  espressif/esp_websocket_client:
    component_hash: dc00233af846f3a744ada283a300e0d586040aadc3ee67361645ecdce4523672
    dependencies:
    - name: idf
      require: private
      version: '>=5.0'
    source:
      registry_url: https://components.espressif.com/
      type: service
    version: 1.8.0
  espressif/mdns:
    component_hash: e81ca7a7f53ea34e78274df054da692c272e1315572876b237b1748e267c013b
    dependencies:
    - name: idf
      require: private
      version: '>=5.0'
    source:
      registry_url: https://components.espressif.com/
      type: service
    version: 1.11.3
  idf:
    source:
      type: idf
    version: 6.0.3
  joltwallet/littlefs:
    component_hash: 3af20a3d75c49db9dc2286fd50862c34055c9f578419ad1f2bf7ed3ed01391fe
    dependencies:
    - name: idf
      require: private
      version: '>=5.0'
    source:
      registry_url: https://components.espressif.com/
      type: service
    version: 1.22.3
  signalk-espos/espos_audio:
    dependencies:
    - name: idf
      version: '>=6.0.0,<6.1.0'
    source:
      path: components/espos_audio
      type: local
    version: 0.8.0
  signalk-espos/espos_config:
    dependencies:
    - name: idf
      version: '>=6.0.0,<6.1.0'
    - name: espressif/cjson
      version: ==1.7.19~2
    - name: signalk-espos/espos_health
      override_path: ../espos_health
      version: ^0.8.0
    source:
      path: components/espos_config
      type: local
    version: 0.8.0
  signalk-espos/espos_event:
    dependencies:
    - name: idf
      version: '>=6.0.0,<6.1.0'
    source:
      path: components/espos_event
      type: local
    version: 0.8.0
  signalk-espos/espos_flow:
    dependencies:
    - name: idf
      version: '>=6.0.0,<6.1.0'
    - name: signalk-espos/espos_formulas
      override_path: ../espos_formulas
      version: ^0.8.0
    source:
      path: components/espos_flow
      type: local
    version: 0.8.0
  signalk-espos/espos_formulas:
    dependencies:
    - name: idf
      version: '>=6.0.0,<6.1.0'
    source:
      path: components/espos_formulas
      type: local
    version: 0.8.0
  signalk-espos/espos_health:
    dependencies:
    - name: idf
      version: '>=6.0.0,<6.1.0'
    source:
      path: components/espos_health
      type: local
    version: 0.8.0
  signalk-espos/espos_httpd:
    dependencies:
    - name: idf
      version: '>=6.0.0,<6.1.0'
    - name: signalk-espos/espos_config
      override_path: ../espos_config
      version: ^0.8.0
    - name: signalk-espos/espos_log
      override_path: ../espos_log
      version: ^0.8.0
    - name: espressif/cjson
      version: ==1.7.19~2
    - name: joltwallet/littlefs
      rules:
      - if: target != linux
      version: ==1.22.3
    - name: signalk-espos/espos_event
      override_path: ../espos_event
      version: ^0.8.0
    - name: signalk-espos/espos_health
      override_path: ../espos_health
      version: ^0.8.0
    source:
      path: components/espos_httpd
      type: local
    version: 0.8.0
  signalk-espos/espos_log:
    dependencies:
    - name: idf
      version: '>=6.0.0,<6.1.0'
    source:
      path: components/espos_log
      type: local
    version: 0.8.0
  signalk-espos/espos_net:
    dependencies:
    - name: idf
      version: '>=6.0.0,<6.1.0'
    - name: signalk-espos/espos_config
      override_path: ../espos_config
      version: ^0.8.0
    - name: signalk-espos/espos_httpd
      override_path: ../espos_httpd
      version: ^0.8.0
    - name: signalk-espos/espos_event
      override_path: ../espos_event
      version: ^0.8.0
    - name: espressif/cjson
      version: ==1.7.19~2
    - name: espressif/mdns
      rules:
      - if: target != linux
      version: ==1.11.3
    source:
      path: components/espos_net
      type: local
    version: 0.8.0
  signalk-espos/espos_sensors:
    dependencies:
    - name: idf
      version: '>=6.0.0,<6.1.0'
    - name: signalk-espos/espos_flow
      override_path: ../espos_flow
      version: ^0.8.0
    source:
      path: components/espos_sensors
      type: local
    version: 0.8.0
  signalk-espos/espos_sk:
    dependencies:
    - name: idf
      version: '>=6.0.0,<6.1.0'
    - name: signalk-espos/espos_config
      override_path: ../espos_config
      version: ^0.8.0
    - name: signalk-espos/espos_httpd
      override_path: ../espos_httpd
      version: ^0.8.0
    - name: signalk-espos/espos_net
      override_path: ../espos_net
      version: ^0.8.0
    - name: signalk-espos/espos_health
      override_path: ../espos_health
      version: ^0.8.0
    - name: espressif/cjson
      version: ==1.7.19~2
    - name: signalk-espos/espos_time
      override_path: ../espos_time
      version: ^0.8.0
    - name: signalk-espos/espos_event
      override_path: ../espos_event
      version: ^0.8.0
    source:
      path: components/espos_sk
      type: local
    version: 0.8.0
  signalk-espos/espos_sk_flow:
    dependencies:
    - name: idf
      version: '>=6.0.0,<6.1.0'
    - name: signalk-espos/espos_flow
      override_path: ../espos_flow
      version: ^0.8.0
    - name: signalk-espos/espos_health
      override_path: ../espos_health
      version: ^0.8.0
    - name: signalk-espos/espos_net
      override_path: ../espos_net
      version: ^0.8.0
    - name: signalk-espos/espos_sk
      override_path: ../espos_sk
      version: ^0.8.0
    source:
      path: components/espos_sk_flow
      type: local
    version: 0.8.0
  signalk-espos/espos_time:
    dependencies:
    - name: idf
      version: '>=6.0.0,<6.1.0'
    - name: signalk-espos/espos_config
      override_path: ../espos_config
      version: ^0.8.0
    - name: signalk-espos/espos_httpd
      override_path: ../espos_httpd
      version: ^0.8.0
    - name: signalk-espos/espos_event
      override_path: ../espos_event
      version: ^0.8.0
    source:
      path: components/espos_time
      type: local
    version: 0.8.0
  signalk-espos/espos_wifi:
    dependencies:
    - name: idf
      version: '>=6.0.0,<6.1.0'
    - name: signalk-espos/espos_config
      override_path: ../espos_config
      version: ^0.8.0
    - name: signalk-espos/espos_httpd
      override_path: ../espos_httpd
      version: ^0.8.0
    - name: signalk-espos/espos_net
      override_path: ../espos_net
      version: ^0.8.0
    - name: espressif/cjson
      version: ==1.7.19~2
    - name: espressif/esp_hosted
      rules:
      - if: target == esp32p4
      version: ^2.12.0
    - name: espressif/esp_wifi_remote
      rules:
      - if: target == esp32p4
      version: '*'
    - name: signalk-espos/espos_event
      override_path: ../espos_event
      version: ^0.8.0
    source:
      path: components/espos_wifi
      type: local
    version: 0.8.0
direct_dependencies:
- espressif/cjson
- espressif/esp_websocket_client
- espressif/mdns
- idf
- joltwallet/littlefs
- signalk-espos/espos_audio
- signalk-espos/espos_config
- signalk-espos/espos_event
- signalk-espos/espos_flow
- signalk-espos/espos_formulas
- signalk-espos/espos_health
- signalk-espos/espos_httpd
- signalk-espos/espos_log
- signalk-espos/espos_net
- signalk-espos/espos_sensors
- signalk-espos/espos_sk
- signalk-espos/espos_sk_flow
- signalk-espos/espos_time
- signalk-espos/espos_wifi
manifest_hash: d4c66cf8b199554ee58a0dff740b4d24cb746bd3143f4e389c1a7d9889bdd860
target: esp32c6
version: 3.0.0
